<?xml version="1.0" encoding="utf-8"?>
<Project ToolsVersion="4.0" xmlns="http://schemas.microsoft.com/developer/msbuild/2003">
  <ItemGroup>
    <Filter Include="Исходные файлы">
      <UniqueIdentifier>{4FC737F1-C7A5-4376-A066-2A32D752A2FF}</UniqueIdentifier>
      <Extensions>cpp;c;cc;cxx;c++;def;odl;idl;hpj;bat;asm;asmx</Extensions>
    </Filter>
    <Filter Include="Файлы заголовков">
      <UniqueIdentifier>{93995380-89BD-4b04-88EB-625FBE52EBFB}</UniqueIdentifier>
      <Extensions>h;hh;hpp;hxx;h++;hm;inl;inc;ipp;xsd</Extensions>
    </Filter>
    <Filter Include="Файлы ресурсов">
      <UniqueIdentifier>{67DA6AB6-F800-4c08-8B7A-83BB121AAD01}</UniqueIdentifier>
      <Extensions>rc;ico;cur;bmp;dlg;rc2;rct;bin;rgs;gif;jpg;jpeg;jpe;resx;tiff;tif;png;wav;mfcribbon-ms</Extensions>
    </Filter>
  </ItemGroup>
  <ItemGroup>
    <ClCompile Include="transport_catalog.cpp">
      <Filter>Исходные файлы</Filter>
    </ClCompile>
    <ClCompile Include="json.cpp">
      <Filter>Исходные файлы</Filter>
    </ClCompile>
    <ClCompile Include="bus_schedule.cpp">
      <Filter>Исходные файлы</Filter>
    </ClCompile>
    <ClCompile Include="add_stop_operation.cpp">
      <Filter>Исходные файлы</Filter>
    </ClCompile>
    <ClCompile Include="add_bus_operation.cpp">
      <Filter>Исходные файлы</Filter>
    </ClCompile>
    <ClCompile Include="set_route_parameters_operation.cpp">
      <Filter>Исходные файлы</Filter>
    </ClCompile>
    <ClCompile Include="bus_stat_operation.cpp">
      <Filter>Исходные файлы</Filter>
    </ClCompile>
    <ClCompile Include="stop_stat_operation.cpp">
      <Filter>Исходные файлы</Filter>
    </ClCompile>
    <ClCompile Include="find_way_operation.cpp">
      <Filter>Исходные файлы</Filter>
    </ClCompile>
    <ClCompile Include="text_formatter.cpp">
      <Filter>Исходные файлы</Filter>
    </ClCompile>
    <ClCompile Include="text_parser.cpp">
      <Filter>Исходные файлы</Filter>
    </ClCompile>
    <ClCompile Include="json_parser.cpp">
      <Filter>Исходные файлы</Filter>
    </ClCompile>
    <ClCompile Include="json_formatter.cpp">
      <Filter>Исходные файлы</Filter>
    </ClCompile>
    <ClCompile Include="executor.cpp">
      <Filter>Исходные файлы</Filter>
    </ClCompile>
    <ClCompile Include="test_fixture.cpp">
      <Filter>Исходные файлы</Filter>
    </ClCompile>
    <ClCompile Include="utils.cpp">
      <Filter>Исходные файлы</Filter>
    </ClCompile>
    <ClCompile Include="color.cpp">
      <Filter>Исходные файлы</Filter>
    </ClCompile>
    <ClCompile Include="rgb.cpp">
      <Filter>Исходные файлы</Filter>
    </ClCompile>
    <ClCompile Include="point.cpp">
      <Filter>Исходные файлы</Filter>
    </ClCompile>
    <ClCompile Include="document.cpp">
      <Filter>Исходные файлы</Filter>
    </ClCompile>
    <ClCompile Include="circle.cpp">
      <Filter>Исходные файлы</Filter>
    </ClCompile>
    <ClCompile Include="polyline.cpp">
      <Filter>Исходные файлы</Filter>
    </ClCompile>
    <ClCompile Include="text.cpp">
      <Filter>Исходные файлы</Filter>
    </ClCompile>
    <ClCompile Include="map_builder.cpp">
      <Filter>Исходные файлы</Filter>
    </ClCompile>
    <ClCompile Include="rgba.cpp">
      <Filter>Исходные файлы</Filter>
    </ClCompile>
    <ClCompile Include="map_builder_set_parameters.cpp">
      <Filter>Исходные файлы</Filter>
    </ClCompile>
    <ClCompile Include="parser.cpp">
      <Filter>Исходные файлы</Filter>
    </ClCompile>
    <ClCompile Include="draw_map_operation.cpp">
      <Filter>Исходные файлы</Filter>
    </ClCompile>
    <ClCompile Include="comp_context.cpp">
      <Filter>Исходные файлы</Filter>
    </ClCompile>
    <ClCompile Include="i_object.cpp">
      <Filter>Исходные файлы</Filter>
    </ClCompile>
    <ClCompile Include="i_draw_map_operation.cpp">
      <Filter>Исходные файлы</Filter>
    </ClCompile>
    <ClCompile Include="i_formatter.cpp">
      <Filter>Исходные файлы</Filter>
    </ClCompile>
    <ClCompile Include="i_map_builder_setup_operation.cpp">
      <Filter>Исходные файлы</Filter>
    </ClCompile>
    <ClCompile Include="i_read_operation.cpp">
      <Filter>Исходные файлы</Filter>
    </ClCompile>
    <ClCompile Include="i_update_operation.cpp">
      <Filter>Исходные файлы</Filter>
    </ClCompile>
    <ClCompile Include="i_stop_projection.cpp">
      <Filter>Исходные файлы</Filter>
    </ClCompile>
    <ClCompile Include="multi_stop_projection.cpp">
      <Filter>Исходные файлы</Filter>
    </ClCompile>
    <ClCompile Include="compress_coordinates_projection.cpp">
      <Filter>Исходные файлы</Filter>
    </ClCompile>
    <ClCompile Include="uniform_distribution_operation.cpp">
      <Filter>Исходные файлы</Filter>
    </ClCompile>
    <ClCompile Include="rect.cpp">
      <Filter>Исходные файлы</Filter>
    </ClCompile>
    <ClCompile Include="ProtoBufSerializer.cpp">
      <Filter>Исходные файлы</Filter>
    </ClCompile>
    <ClCompile Include="ProtoBufDeserializer.cpp">
      <Filter>Исходные файлы</Filter>
    </ClCompile>
    <ClCompile Include="transport_catalog.pb.cc">
      <Filter>Исходные файлы</Filter>
    </ClCompile>
  </ItemGroup>
  <ItemGroup>
    <ClInclude Include="json.h">
      <Filter>Файлы заголовков</Filter>
    </ClInclude>
    <ClInclude Include="test_runner.h">
      <Filter>Файлы заголовков</Filter>
    </ClInclude>
    <ClInclude Include="graph.h">
      <Filter>Файлы заголовков</Filter>
    </ClInclude>
    <ClInclude Include="router.h">
      <Filter>Файлы заголовков</Filter>
    </ClInclude>
    <ClInclude Include="range.h">
      <Filter>Файлы заголовков</Filter>
    </ClInclude>
    <ClInclude Include="bus_schedule.h">
      <Filter>Файлы заголовков</Filter>
    </ClInclude>
    <ClInclude Include="stop_info.h">
      <Filter>Файлы заголовков</Filter>
    </ClInclude>
    <ClInclude Include="bus_info.h">
      <Filter>Файлы заголовков</Filter>
    </ClInclude>
    <ClInclude Include="stop.h">
      <Filter>Файлы заголовков</Filter>
    </ClInclude>
    <ClInclude Include="route_segment_info.h">
      <Filter>Исходные файлы</Filter>
    </ClInclude>
    <ClInclude Include="route_info.h">
      <Filter>Исходные файлы</Filter>
    </ClInclude>
    <ClInclude Include="edge_info.h">
      <Filter>Исходные файлы</Filter>
    </ClInclude>
    <ClInclude Include="bus_stat_info.h">
      <Filter>Файлы заголовков</Filter>
    </ClInclude>
    <ClInclude Include="stop_stat_info.h">
      <Filter>Файлы заголовков</Filter>
    </ClInclude>
    <ClInclude Include="i_update_operation.h">
      <Filter>Файлы заголовков</Filter>
    </ClInclude>
    <ClInclude Include="add_stop_operation.h">
      <Filter>Файлы заголовков</Filter>
    </ClInclude>
    <ClInclude Include="add_bus_operation.h">
      <Filter>Файлы заголовков</Filter>
    </ClInclude>
    <ClInclude Include="set_route_parameters_operation.h">
      <Filter>Файлы заголовков</Filter>
    </ClInclude>
    <ClInclude Include="i_formatter.h">
      <Filter>Файлы заголовков</Filter>
    </ClInclude>
    <ClInclude Include="i_read_operation.h">
      <Filter>Файлы заголовков</Filter>
    </ClInclude>
    <ClInclude Include="bus_stat_operation.h">
      <Filter>Файлы заголовков</Filter>
    </ClInclude>
    <ClInclude Include="stop_stat_operation.h">
      <Filter>Файлы заголовков</Filter>
    </ClInclude>
    <ClInclude Include="find_way_operation.h">
      <Filter>Файлы заголовков</Filter>
    </ClInclude>
    <ClInclude Include="text_formatter.h">
      <Filter>Файлы заголовков</Filter>
    </ClInclude>
    <ClInclude Include="text_parser.h">
      <Filter>Файлы заголовков</Filter>
    </ClInclude>
    <ClInclude Include="json_parser.h">
      <Filter>Файлы заголовков</Filter>
    </ClInclude>
    <ClInclude Include="json_formatter.h">
      <Filter>Файлы заголовков</Filter>
    </ClInclude>
    <ClInclude Include="executor.h">
      <Filter>Файлы заголовков</Filter>
    </ClInclude>
    <ClInclude Include="test_fixture.h">
      <Filter>Файлы заголовков</Filter>
    </ClInclude>
    <ClInclude Include="utils.h">
      <Filter>Файлы заголовков</Filter>
    </ClInclude>
    <ClInclude Include="shape.h">
      <Filter>Файлы заголовков</Filter>
    </ClInclude>
    <ClInclude Include="color.h">
      <Filter>Файлы заголовков</Filter>
    </ClInclude>
    <ClInclude Include="rgb.h">
      <Filter>Файлы заголовков</Filter>
    </ClInclude>
    <ClInclude Include="position.h">
      <Filter>Файлы заголовков</Filter>
    </ClInclude>
    <ClInclude Include="point.h">
      <Filter>Файлы заголовков</Filter>
    </ClInclude>
    <ClInclude Include="document.h">
      <Filter>Файлы заголовков</Filter>
    </ClInclude>
    <ClInclude Include="circle.h">
      <Filter>Файлы заголовков</Filter>
    </ClInclude>
    <ClInclude Include="polyline.h">
      <Filter>Файлы заголовков</Filter>
    </ClInclude>
    <ClInclude Include="text.h">
      <Filter>Файлы заголовков</Filter>
    </ClInclude>
    <ClInclude Include="i_object.h">
      <Filter>Файлы заголовков</Filter>
    </ClInclude>
    <ClInclude Include="map_builder.h">
      <Filter>Файлы заголовков</Filter>
    </ClInclude>
    <ClInclude Include="i_map_builder_setup_operation.h">
      <Filter>Файлы заголовков</Filter>
    </ClInclude>
    <ClInclude Include="i_draw_map_operation.h">
      <Filter>Файлы заголовков</Filter>
    </ClInclude>
    <ClInclude Include="rgba.h">
      <Filter>Файлы заголовков</Filter>
    </ClInclude>
    <ClInclude Include="map_builder_set_parameters.h">
      <Filter>Файлы заголовков</Filter>
    </ClInclude>
    <ClInclude Include="map_builder_parameters.h">
      <Filter>Файлы заголовков</Filter>
    </ClInclude>
    <ClInclude Include="parser.h">
      <Filter>Файлы заголовков</Filter>
    </ClInclude>
    <ClInclude Include="draw_map_operation.h">
      <Filter>Файлы заголовков</Filter>
    </ClInclude>
    <ClInclude Include="draw_map_info.h">
      <Filter>Файлы заголовков</Filter>
    </ClInclude>
    <ClInclude Include="comp_context.h">
      <Filter>Файлы заголовков</Filter>
    </ClInclude>
    <ClInclude Include="bus.h">
      <Filter>Файлы заголовков</Filter>
    </ClInclude>
    <ClInclude Include="i_stop_projection.h">
      <Filter>Файлы заголовков</Filter>
    </ClInclude>
    <ClInclude Include="multi_stop_projection.h">
      <Filter>Файлы заголовков</Filter>
    </ClInclude>
    <ClInclude Include="compress_coordinates_projection.h">
      <Filter>Файлы заголовков</Filter>
    </ClInclude>
    <ClInclude Include="uniform_distribution_operation.h">
      <Filter>Файлы заголовков</Filter>
    </ClInclude>
    <ClInclude Include="rect.h">
      <Filter>Файлы заголовков</Filter>
    </ClInclude>
    <ClInclude Include="i_serialize_operation.h">
      <Filter>Файлы заголовков</Filter>
    </ClInclude>
    <ClInclude Include="mode.h">
      <Filter>Файлы заголовков</Filter>
    </ClInclude>
    <ClInclude Include="i_deserialize_operation.h">
      <Filter>Файлы заголовков</Filter>
    </ClInclude>
    <ClInclude Include="ProtoBufSerializer.h">
      <Filter>Файлы заголовков</Filter>
    </ClInclude>
    <ClInclude Include="ProtoBufDeserializer.h">
      <Filter>Файлы заголовков</Filter>
    </ClInclude>
    <ClInclude Include="transport_catalog.pb.h">
      <Filter>Файлы заголовков</Filter>
    </ClInclude>
  </ItemGroup>
  <ItemGroup>
    <None Include="transport_catalog.proto" />
  </ItemGroup>
</Project>